
Microsoft Visual Studio Solution File, Format Version 12.00
# Visual Studio 15
VisualStudioVersion = 15.0.26730.16
MinimumVisualStudioVersion = 10.0.40219.1
Project("{FAE04EC0-301F-11D3-BF4B-00C04F79EFBC}") = "FilesInfoService", "FilesInfoService\FilesInfoService.csproj", "{B41CF0B5-7CAE-4A32-9AC3-8B2F72DA4AA8}"
EndProject
Project("{FAE04EC0-301F-11D3-BF4B-00C04F79EFBC}") = "FilesInfoClient", "FilesInfoClient\FilesInfoClient.csproj", "{DD066427-EDA0-4444-B407-D06EE20A81A3}"
EndProject
Global
	GlobalSection(SolutionConfigurationPlatforms) = preSolution
		Debug|Any CPU = Debug|Any CPU
		Release|Any CPU = Release|Any CPU
	EndGlobalSection
	GlobalSection(ProjectConfigurationPlatforms) = postSolution
		{B41CF0B5-7CAE-4A32-9AC3-8B2F72DA4AA8}.Debug|Any CPU.ActiveCfg = Debug|Any CPU
		{B41CF0B5-7CAE-4A32-9AC3-8B2F72DA4AA8}.Debug|Any CPU.Build.0 = Debug|Any CPU
		{B41CF0B5-7CAE-4A32-9AC3-8B2F72DA4AA8}.Release|Any CPU.ActiveCfg = Release|Any CPU
		{B41CF0B5-7CAE-4A32-9AC3-8B2F72DA4AA8}.Release|Any CPU.Build.0 = Release|Any CPU
		{DD066427-EDA0-4444-B407-D06EE20A81A3}.Debug|Any CPU.ActiveCfg = Debug|Any CPU
		{DD066427-EDA0-4444-B407-D06EE20A81A3}.Debug|Any CPU.Build.0 = Debug|Any CPU
		{DD066427-EDA0-4444-B407-D06EE20A81A3}.Release|Any CPU.ActiveCfg = Release|Any CPU
		{DD066427-EDA0-4444-B407-D06EE20A81A3}.Release|Any CPU.Build.0 = Release|Any CPU
	EndGlobalSection
	GlobalSection(SolutionProperties) = preSolution
		HideSolutionNode = FALSE
	EndGlobalSection
	GlobalSection(ExtensibilityGlobals) = postSolution
		SolutionGuid = {92718A2E-B498-404C-B935-CB2ED9C2CDDF}
	EndGlobalSection
EndGlobal
